
Microsoft Visual Studio Solution File, Format Version 12.00
# Visual Studio Version 16
VisualStudioVersion = 16.0.30804.86
MinimumVisualStudioVersion = 10.0.40219.1
Project("{FAE04EC0-301F-11D3-BF4B-00C04F79EFBC}") = "ShoppingListServer", "ShoppingListServer\ShoppingListServer.csproj", "{857533B8-A2BC-4952-BAF7-347682C1C1DD}"
EndProject
Global
	GlobalSection(SolutionConfigurationPlatforms) = preSolution
		Debug|Any CPU = Debug|Any CPU
		Release|Any CPU = Release|Any CPU
	EndGlobalSection
	GlobalSection(ProjectConfigurationPlatforms) = postSolution
		{857533B8-A2BC-4952-BAF7-347682C1C1DD}.Debug|Any CPU.ActiveCfg = Debug|Any CPU
		{857533B8-A2BC-4952-BAF7-347682C1C1DD}.Debug|Any CPU.Build.0 = Debug|Any CPU
		{857533B8-A2BC-4952-BAF7-347682C1C1DD}.Release|Any CPU.ActiveCfg = Release|Any CPU
		{857533B8-A2BC-4952-BAF7-347682C1C1DD}.Release|Any CPU.Build.0 = Release|Any CPU
	EndGlobalSection
	GlobalSection(SolutionProperties) = preSolution
		HideSolutionNode = FALSE
	EndGlobalSection
	GlobalSection(ExtensibilityGlobals) = postSolution
		SolutionGuid = {DAE5A203-0A9B-47B5-A022-5D9A6C41FE23}
	EndGlobalSection
EndGlobal
